lockfileVersion: 5.3

specifiers:
  cmake-js: ^6.3.0
  node-addon-api: ^5.0.0

dependencies:
  node-addon-api: registry.npmjs.org/node-addon-api/5.0.0

devDependencies:
  cmake-js: registry.npmjs.org/cmake-js/6.3.0

packages:

  registry.npmjs.org/ansi-regex/2.1.1:
    resolution: {integrity: sha1-w7M6te42DYbg5ijwRorn7yfWVN8=, registry: https://registry.yarnpkg.com/, tarball: https://registry.npmjs.org/ansi-regex/-/ansi-regex-2.1.1.tgz}
    name: ansi-regex
    version: 2.1.1
    engines: {node: '>=0.10.0'}
    dev: true

  registry.npmjs.org/ansi/0.3.1:
    resolution: {integrity: sha1-DELU+xcWDVqa8eSEus4cZpIsGyE=, registry: https://registry.yarnpkg.com/, tarball: https://registry.npmjs.org/ansi/-/ansi-0.3.1.tgz}
    name: ansi
    version: 0.3.1
    dev: true

  registry.npmjs.org/are-we-there-yet/1.0.6:
    resolution: {integrity: sha1-otKMkxAqpsyWJFomy5VN4G7FPww=, registry: https://registry.yarnpkg.com/, tarball: https://registry.npmjs.org/are-we-there-yet/-/are-we-there-yet-1.0.6.tgz}
    name: are-we-there-yet
    version: 1.0.6
    dependencies:
      delegates: registry.npmjs.org/delegates/1.0.0
      readable-stream: registry.npmjs.org/readable-stream/2.3.7
    dev: true

  registry.npmjs.org/axios/0.21.4_debug@4.3.4:
    resolution: {integrity: sha512-ut5vewkiu8jjGBdqpM44XxjuCjq9LAKeHVmoVfHVzy8eHgxxq8SbAVQNovDA8mVi05kP0Ea/n/UzcSHcTJQfNg==, registry: https://registry.yarnpkg.com/, tarball: https://registry.npmjs.org/axios/-/axios-0.21.4.tgz}
    id: registry.npmjs.org/axios/0.21.4
    name: axios
    version: 0.21.4
    dependencies:
      follow-redirects: registry.npmjs.org/follow-redirects/1.15.0_debug@4.3.4
    transitivePeerDependencies:
      - debug
    dev: true

  registry.npmjs.org/balanced-match/1.0.2:
    resolution: {integrity: sha512-3oSeUO0TMV67hN1AmbXsK4yaqU7tjiHlbxRDZOpH0KW9+CeX4bRAaX0Anxt0tx2MrpRpWwQaPwIlISEJhYU5Pw==, registry: https://registry.yarnpkg.com/, tarball: https://registry.npmjs.org/balanced-match/-/balanced-match-1.0.2.tgz}
    name: balanced-match
    version: 1.0.2
    dev: true

  registry.npmjs.org/big-integer/1.6.51:
    resolution: {integrity: sha512-GPEid2Y9QU1Exl1rpO9B2IPJGHPSupF5GnVIP0blYvNOMer2bTvSWs1jGOUg04hTmu67nmLsQ9TBo1puaotBHg==, registry: https://registry.yarnpkg.com/, tarball: https://registry.npmjs.org/big-integer/-/big-integer-1.6.51.tgz}
    name: big-integer
    version: 1.6.51
    engines: {node: '>=0.6'}
    dev: true

  registry.npmjs.org/binary/0.3.0:
    resolution: {integrity: sha1-n2BVO8XOjDOG87VTz/R0Yq3sqnk=, registry: https://registry.yarnpkg.com/, tarball: https://registry.npmjs.org/binary/-/binary-0.3.0.tgz}
    name: binary
    version: 0.3.0
    dependencies:
      buffers: registry.npmjs.org/buffers/0.1.1
      chainsaw: registry.npmjs.org/chainsaw/0.1.0
    dev: true

  registry.npmjs.org/bluebird/3.4.7:
    resolution: {integrity: sha1-9y12C+Cbf3bQjtj66Ysomo0F+rM=, registry: https://registry.yarnpkg.com/, tarball: https://registry.npmjs.org/bluebird/-/bluebird-3.4.7.tgz}
    name: bluebird
    version: 3.4.7
    dev: true

  registry.npmjs.org/brace-expansion/1.1.11:
    resolution: {integrity: sha512-iCuPHDFgrHX7H2vEI/5xpz07zSHB00TpugqhmYtVmMO6518mCuRMoOYFldEBl0g187ufozdaHgWKcYFb61qGiA==, registry: https://registry.yarnpkg.com/, tarball: https://registry.npmjs.org/brace-expansion/-/brace-expansion-1.1.11.tgz}
    name: brace-expansion
    version: 1.1.11
    dependencies:
      balanced-match: registry.npmjs.org/balanced-match/1.0.2
      concat-map: registry.npmjs.org/concat-map/0.0.1
    dev: true

  registry.npmjs.org/buffer-indexof-polyfill/1.0.2:
    resolution: {integrity: sha512-I7wzHwA3t1/lwXQh+A5PbNvJxgfo5r3xulgpYDB5zckTu/Z9oUK9biouBKQUjEqzaz3HnAT6TYoovmE+GqSf7A==, registry: https://registry.yarnpkg.com/, tarball: https://registry.npmjs.org/buffer-indexof-polyfill/-/buffer-indexof-polyfill-1.0.2.tgz}
    name: buffer-indexof-polyfill
    version: 1.0.2
    engines: {node: '>=0.10'}
    dev: true

  registry.npmjs.org/buffer-shims/1.0.0:
    resolution: {integrity: sha1-mXjOMXOIxkmth5MCjDR37wRKi1E=, registry: https://registry.yarnpkg.com/, tarball: https://registry.npmjs.org/buffer-shims/-/buffer-shims-1.0.0.tgz}
    name: buffer-shims
    version: 1.0.0
    dev: true

  registry.npmjs.org/buffers/0.1.1:
    resolution: {integrity: sha1-skV5w77U1tOWru5tmorn9Ugqt7s=, registry: https://registry.yarnpkg.com/, tarball: https://registry.npmjs.org/buffers/-/buffers-0.1.1.tgz}
    name: buffers
    version: 0.1.1
    engines: {node: '>=0.2.0'}
    dev: true

  registry.npmjs.org/camelcase/2.1.1:
    resolution: {integrity: sha1-fB0W1nmhu+WcoCys7PsBHiAfWh8=, registry: https://registry.yarnpkg.com/, tarball: https://registry.npmjs.org/camelcase/-/camelcase-2.1.1.tgz}
    name: camelcase
    version: 2.1.1
    engines: {node: '>=0.10.0'}
    dev: true

  registry.npmjs.org/chainsaw/0.1.0:
    resolution: {integrity: sha1-XqtQsor+WAdNDVgpE4iCi15fvJg=, registry: https://registry.yarnpkg.com/, tarball: https://registry.npmjs.org/chainsaw/-/chainsaw-0.1.0.tgz}
    name: chainsaw
    version: 0.1.0
    dependencies:
      traverse: registry.npmjs.org/traverse/0.3.9
    dev: true

  registry.npmjs.org/chownr/1.1.4:
    resolution: {integrity: sha512-jJ0bqzaylmJtVnNgzTeSOs8DPavpbYgEr/b0YL8/2GO3xJEhInFmhKMUnEJQjZumK7KXGFhUy89PrsJWlakBVg==, registry: https://registry.yarnpkg.com/, tarball: https://registry.npmjs.org/chownr/-/chownr-1.1.4.tgz}
    name: chownr
    version: 1.1.4
    dev: true

  registry.npmjs.org/cliui/3.2.0:
    resolution: {integrity: sha1-EgYBU3qRbSmUD5NNo7SNWFo5IT0=, registry: https://registry.yarnpkg.com/, tarball: https://registry.npmjs.org/cliui/-/cliui-3.2.0.tgz}
    name: cliui
    version: 3.2.0
    dependencies:
      string-width: registry.npmjs.org/string-width/1.0.2
      strip-ansi: registry.npmjs.org/strip-ansi/3.0.1
      wrap-ansi: registry.npmjs.org/wrap-ansi/2.1.0
    dev: true

  registry.npmjs.org/cmake-js/6.3.0:
    resolution: {integrity: sha512-1uqTOmFt6BIqKlrX+39/aewU/JVhyZWDqwAL+6psToUwxj3yWPJiwxiZFmV0XdcoWmqGs7peZTxTbJtAcH8hxw==, registry: https://registry.yarnpkg.com/, tarball: https://registry.npmjs.org/cmake-js/-/cmake-js-6.3.0.tgz}
    name: cmake-js
    version: 6.3.0
    engines: {node: '>= 10.0.0'}
    hasBin: true
    dependencies:
      axios: registry.npmjs.org/axios/0.21.4_debug@4.3.4
      debug: registry.npmjs.org/debug/4.3.4
      fs-extra: registry.npmjs.org/fs-extra/5.0.0
      is-iojs: registry.npmjs.org/is-iojs/1.1.0
      lodash: registry.npmjs.org/lodash/4.17.21
      memory-stream: registry.npmjs.org/memory-stream/0.0.3
      npmlog: registry.npmjs.org/npmlog/1.2.1
      rc: registry.npmjs.org/rc/1.2.8
      semver: registry.npmjs.org/semver/5.7.1
      splitargs: registry.npmjs.org/splitargs/0.0.7
      tar: registry.npmjs.org/tar/4.4.19
      unzipper: registry.npmjs.org/unzipper/0.8.14
      url-join: registry.npmjs.org/url-join/0.0.1
      which: registry.npmjs.org/which/1.3.1
      yargs: registry.npmjs.org/yargs/3.32.0
    transitivePeerDependencies:
      - supports-color
    dev: true

  registry.npmjs.org/code-point-at/1.1.0:
    resolution: {integrity: sha1-DQcLTQQ6W+ozovGkDi7bPZpMz3c=, registry: https://registry.yarnpkg.com/, tarball: https://registry.npmjs.org/code-point-at/-/code-point-at-1.1.0.tgz}
    name: code-point-at
    version: 1.1.0
    engines: {node: '>=0.10.0'}
    dev: true

  registry.npmjs.org/concat-map/0.0.1:
    resolution: {integrity: sha1-2Klr13/Wjfd5OnMDajug1UBdR3s=, registry: https://registry.yarnpkg.com/, tarball: https://registry.npmjs.org/concat-map/-/concat-map-0.0.1.tgz}
    name: concat-map
    version: 0.0.1
    dev: true

  registry.npmjs.org/core-util-is/1.0.3:
    resolution: {integrity: sha512-ZQBvi1DcpJ4GDqanjucZ2Hj3wEO5pZDS89BWbkcrvdxksJorwUDDZamX9ldFkp9aw2lmBDLgkObEA4DWNJ9FYQ==, registry: https://registry.yarnpkg.com/, tarball: https://registry.npmjs.org/core-util-is/-/core-util-is-1.0.3.tgz}
    name: core-util-is
    version: 1.0.3
    dev: true

  registry.npmjs.org/debug/4.3.4:
    resolution: {integrity: sha512-PRWFHuSU3eDtQJPvnNY7Jcket1j0t5OuOsFzPPzsekD52Zl8qUfFIPEiswXqIvHWGVHOgX+7G/vCNNhehwxfkQ==, registry: https://registry.yarnpkg.com/, tarball: https://registry.npmjs.org/debug/-/debug-4.3.4.tgz}
    name: debug
    version: 4.3.4
    engines: {node: '>=6.0'}
    peerDependencies:
      supports-color: '*'
    peerDependenciesMeta:
      supports-color:
        optional: true
    dependencies:
      ms: registry.npmjs.org/ms/2.1.2
    dev: true

  registry.npmjs.org/decamelize/1.2.0:
    resolution: {integrity: sha1-9lNNFRSCabIDUue+4m9QH5oZEpA=, registry: https://registry.yarnpkg.com/, tarball: https://registry.npmjs.org/decamelize/-/decamelize-1.2.0.tgz}
    name: decamelize
    version: 1.2.0
    engines: {node: '>=0.10.0'}
    dev: true

  registry.npmjs.org/deep-extend/0.6.0:
    resolution: {integrity: sha512-LOHxIOaPYdHlJRtCQfDIVZtfw/ufM8+rVj649RIHzcm/vGwQRXFt6OPqIFWsm2XEMrNIEtWR64sY1LEKD2vAOA==, registry: https://registry.yarnpkg.com/, tarball: https://registry.npmjs.org/deep-extend/-/deep-extend-0.6.0.tgz}
    name: deep-extend
    version: 0.6.0
    engines: {node: '>=4.0.0'}
    dev: true

  registry.npmjs.org/delegates/1.0.0:
    resolution: {integrity: sha1-hMbhWbgZBP3KWaDvRM2HDTElD5o=, registry: https://registry.yarnpkg.com/, tarball: https://registry.npmjs.org/delegates/-/delegates-1.0.0.tgz}
    name: delegates
    version: 1.0.0
    dev: true

  registry.npmjs.org/duplexer2/0.1.4:
    resolution: {integrity: sha1-ixLauHjA1p4+eJEFFmKjL8a93ME=, registry: https://registry.yarnpkg.com/, tarball: https://registry.npmjs.org/duplexer2/-/duplexer2-0.1.4.tgz}
    name: duplexer2
    version: 0.1.4
    dependencies:
      readable-stream: registry.npmjs.org/readable-stream/2.1.5
    dev: true

  registry.npmjs.org/follow-redirects/1.15.0_debug@4.3.4:
    resolution: {integrity: sha512-aExlJShTV4qOUOL7yF1U5tvLCB0xQuudbf6toyYA0E/acBNw71mvjFTnLaRp50aQaYocMR0a/RMMBIHeZnGyjQ==, registry: https://registry.yarnpkg.com/, tarball: https://registry.npmjs.org/follow-redirects/-/follow-redirects-1.15.0.tgz}
    id: registry.npmjs.org/follow-redirects/1.15.0
    name: follow-redirects
    version: 1.15.0
    engines: {node: '>=4.0'}
    peerDependencies:
      debug: '*'
    peerDependenciesMeta:
      debug:
        optional: true
    dependencies:
      debug: registry.npmjs.org/debug/4.3.4
    dev: true

  registry.npmjs.org/fs-extra/5.0.0:
    resolution: {integrity: sha512-66Pm4RYbjzdyeuqudYqhFiNBbCIuI9kgRqLPSHIlXHidW8NIQtVdkM1yeZ4lXwuhbTETv3EUGMNHAAw6hiundQ==, registry: https://registry.yarnpkg.com/, tarball: https://registry.npmjs.org/fs-extra/-/fs-extra-5.0.0.tgz}
    name: fs-extra
    version: 5.0.0
    dependencies:
      graceful-fs: registry.npmjs.org/graceful-fs/4.2.10
      jsonfile: registry.npmjs.org/jsonfile/4.0.0
      universalify: registry.npmjs.org/universalify/0.1.2
    dev: true

  registry.npmjs.org/fs-minipass/1.2.7:
    resolution: {integrity: sha512-GWSSJGFy4e9GUeCcbIkED+bgAoFyj7XF1mV8rma3QW4NIqX9Kyx79N/PF61H5udOV3aY1IaMLs6pGbH71nlCTA==, registry: https://registry.yarnpkg.com/, tarball: https://registry.npmjs.org/fs-minipass/-/fs-minipass-1.2.7.tgz}
    name: fs-minipass
    version: 1.2.7
    dependencies:
      minipass: registry.npmjs.org/minipass/2.9.0
    dev: true

  registry.npmjs.org/fs.realpath/1.0.0:
    resolution: {integrity: sha1-FQStJSMVjKpA20onh8sBQRmU6k8=, registry: https://registry.yarnpkg.com/, tarball: https://registry.npmjs.org/fs.realpath/-/fs.realpath-1.0.0.tgz}
    name: fs.realpath
    version: 1.0.0
    dev: true

  registry.npmjs.org/fstream/1.0.12:
    resolution: {integrity: sha512-WvJ193OHa0GHPEL+AycEJgxvBEwyfRkN1vhjca23OaPVMCaLCXTd5qAu82AjTcgP1UJmytkOKb63Ypde7raDIg==, registry: https://registry.yarnpkg.com/, tarball: https://registry.npmjs.org/fstream/-/fstream-1.0.12.tgz}
    name: fstream
    version: 1.0.12
    engines: {node: '>=0.6'}
    dependencies:
      graceful-fs: registry.npmjs.org/graceful-fs/4.2.10
      inherits: registry.npmjs.org/inherits/2.0.4
      mkdirp: registry.npmjs.org/mkdirp/0.5.6
      rimraf: registry.npmjs.org/rimraf/2.7.1
    dev: true

  registry.npmjs.org/gauge/1.2.7:
    resolution: {integrity: sha1-6c7FSD09TuDvRLYKfZnkk14TbZM=, registry: https://registry.yarnpkg.com/, tarball: https://registry.npmjs.org/gauge/-/gauge-1.2.7.tgz}
    name: gauge
    version: 1.2.7
    dependencies:
      ansi: registry.npmjs.org/ansi/0.3.1
      has-unicode: registry.npmjs.org/has-unicode/2.0.1
      lodash.pad: registry.npmjs.org/lodash.pad/4.5.1
      lodash.padend: registry.npmjs.org/lodash.padend/4.6.1
      lodash.padstart: registry.npmjs.org/lodash.padstart/4.6.1
    dev: true

  registry.npmjs.org/glob/7.2.0:
    resolution: {integrity: sha512-lmLf6gtyrPq8tTjSmrO94wBeQbFR3HbLHbuyD69wuyQkImp2hWqMGB47OX65FBkPffO641IP9jWa1z4ivqG26Q==, registry: https://registry.yarnpkg.com/, tarball: https://registry.npmjs.org/glob/-/glob-7.2.0.tgz}
    name: glob
    version: 7.2.0
    dependencies:
      fs.realpath: registry.npmjs.org/fs.realpath/1.0.0
      inflight: registry.npmjs.org/inflight/1.0.6
      inherits: registry.npmjs.org/inherits/2.0.4
      minimatch: registry.npmjs.org/minimatch/3.1.2
      once: registry.npmjs.org/once/1.4.0
      path-is-absolute: registry.npmjs.org/path-is-absolute/1.0.1
    dev: true

  registry.npmjs.org/graceful-fs/4.2.10:
    resolution: {integrity: sha512-9ByhssR2fPVsNZj478qUUbKfmL0+t5BDVyjShtyZZLiK7ZDAArFFfopyOTj0M05wE2tJPisA4iTnnXl2YoPvOA==, registry: https://registry.yarnpkg.com/, tarball: https://registry.npmjs.org/graceful-fs/-/graceful-fs-4.2.10.tgz}
    name: graceful-fs
    version: 4.2.10
    dev: true

  registry.npmjs.org/has-unicode/2.0.1:
    resolution: {integrity: sha1-4Ob+aijPUROIVeCG0Wkedx3iqLk=, registry: https://registry.yarnpkg.com/, tarball: https://registry.npmjs.org/has-unicode/-/has-unicode-2.0.1.tgz}
    name: has-unicode
    version: 2.0.1
    dev: true

  registry.npmjs.org/inflight/1.0.6:
    resolution: {integrity: sha1-Sb1jMdfQLQwJvJEKEHW6gWW1bfk=, registry: https://registry.yarnpkg.com/, tarball: https://registry.npmjs.org/inflight/-/inflight-1.0.6.tgz}
    name: inflight
    version: 1.0.6
    dependencies:
      once: registry.npmjs.org/once/1.4.0
      wrappy: registry.npmjs.org/wrappy/1.0.2
    dev: true

  registry.npmjs.org/inherits/2.0.4:
    resolution: {integrity: sha512-k/vGaX4/Yla3WzyMCvTQOXYeIHvqOKtnqBduzTHpzpQZzAskKMhZ2K+EnBiSM9zGSoIFeMpXKxa4dYeZIQqewQ==, registry: https://registry.yarnpkg.com/, tarball: https://registry.npmjs.org/inherits/-/inherits-2.0.4.tgz}
    name: inherits
    version: 2.0.4
    dev: true

  registry.npmjs.org/ini/1.3.8:
    resolution: {integrity: sha512-JV/yugV2uzW5iMRSiZAyDtQd+nxtUnjeLt0acNdw98kKLrvuRVyB80tsREOE7yvGVgalhZ6RNXCmEHkUKBKxew==, registry: https://registry.yarnpkg.com/, tarball: https://registry.npmjs.org/ini/-/ini-1.3.8.tgz}
    name: ini
    version: 1.3.8
    dev: true

  registry.npmjs.org/invert-kv/1.0.0:
    resolution: {integrity: sha1-EEqOSqym09jNFXqO+L+rLXo//bY=, registry: https://registry.yarnpkg.com/, tarball: https://registry.npmjs.org/invert-kv/-/invert-kv-1.0.0.tgz}
    name: invert-kv
    version: 1.0.0
    engines: {node: '>=0.10.0'}
    dev: true

  registry.npmjs.org/is-fullwidth-code-point/1.0.0:
    resolution: {integrity: sha1-754xOG8DGn8NZDr4L95QxFfvAMs=, registry: https://registry.yarnpkg.com/, tarball: https://registry.npmjs.org/is-fullwidth-code-point/-/is-fullwidth-code-point-1.0.0.tgz}
    name: is-fullwidth-code-point
    version: 1.0.0
    engines: {node: '>=0.10.0'}
    dependencies:
      number-is-nan: registry.npmjs.org/number-is-nan/1.0.1
    dev: true

  registry.npmjs.org/is-iojs/1.1.0:
    resolution: {integrity: sha1-TBEDO11dlNbqs3dd7cm+fQCDJfE=, registry: https://registry.yarnpkg.com/, tarball: https://registry.npmjs.org/is-iojs/-/is-iojs-1.1.0.tgz}
    name: is-iojs
    version: 1.1.0
    dev: true

  registry.npmjs.org/isarray/0.0.1:
    resolution: {integrity: sha1-ihis/Kmo9Bd+Cav8YDiTmwXR7t8=, registry: https://registry.yarnpkg.com/, tarball: https://registry.npmjs.org/isarray/-/isarray-0.0.1.tgz}
    name: isarray
    version: 0.0.1
    dev: true

  registry.npmjs.org/isarray/1.0.0:
    resolution: {integrity: sha1-u5NdSFgsuhaMBoNJV6VKPgcSTxE=, registry: https://registry.yarnpkg.com/, tarball: https://registry.npmjs.org/isarray/-/isarray-1.0.0.tgz}
    name: isarray
    version: 1.0.0
    dev: true

  registry.npmjs.org/isexe/2.0.0:
    resolution: {integrity: sha1-6PvzdNxVb/iUehDcsFctYz8s+hA=, registry: https://registry.yarnpkg.com/, tarball: https://registry.npmjs.org/isexe/-/isexe-2.0.0.tgz}
    name: isexe
    version: 2.0.0
    dev: true

  registry.npmjs.org/jsonfile/4.0.0:
    resolution: {integrity: sha1-h3Gq4HmbZAdrdmQPygWPnBDjPss=, registry: https://registry.yarnpkg.com/, tarball: https://registry.npmjs.org/jsonfile/-/jsonfile-4.0.0.tgz}
    name: jsonfile
    version: 4.0.0
    optionalDependencies:
      graceful-fs: registry.npmjs.org/graceful-fs/4.2.10
    dev: true

  registry.npmjs.org/lcid/1.0.0:
    resolution: {integrity: sha1-MIrMr6C8SDo4Z7S28rlQYlHRuDU=, registry: https://registry.yarnpkg.com/, tarball: https://registry.npmjs.org/lcid/-/lcid-1.0.0.tgz}
    name: lcid
    version: 1.0.0
    engines: {node: '>=0.10.0'}
    dependencies:
      invert-kv: registry.npmjs.org/invert-kv/1.0.0
    dev: true

  registry.npmjs.org/listenercount/1.0.1:
    resolution: {integrity: sha1-hMinKrWcRyUyFIDJdeZQg0LnCTc=, registry: https://registry.yarnpkg.com/, tarball: https://registry.npmjs.org/listenercount/-/listenercount-1.0.1.tgz}
    name: listenercount
    version: 1.0.1
    dev: true

  registry.npmjs.org/lodash.pad/4.5.1:
    resolution: {integrity: sha1-QzCUmoM6fI2iLMIPaibE1Z3runA=, registry: https://registry.yarnpkg.com/, tarball: https://registry.npmjs.org/lodash.pad/-/lodash.pad-4.5.1.tgz}
    name: lodash.pad
    version: 4.5.1
    dev: true

  registry.npmjs.org/lodash.padend/4.6.1:
    resolution: {integrity: sha1-U8y6BH0G4VjTEfRdpiX05J5vFm4=, registry: https://registry.yarnpkg.com/, tarball: https://registry.npmjs.org/lodash.padend/-/lodash.padend-4.6.1.tgz}
    name: lodash.padend
    version: 4.6.1
    dev: true

  registry.npmjs.org/lodash.padstart/4.6.1:
    resolution: {integrity: sha1-0uPuv/DZ05rVD1y9G1KnvOa7YRs=, registry: https://registry.yarnpkg.com/, tarball: https://registry.npmjs.org/lodash.padstart/-/lodash.padstart-4.6.1.tgz}
    name: lodash.padstart
    version: 4.6.1
    dev: true

  registry.npmjs.org/lodash/4.17.21:
    resolution: {integrity: sha512-v2kDEe57lecTulaDIuNTPy3Ry4gLGJ6Z1O3vE1krgXZNrsQ+LFTGHVxVjcXPs17LhbZVGedAJv8XZ1tvj5FvSg==, registry: https://registry.yarnpkg.com/, tarball: https://registry.npmjs.org/lodash/-/lodash-4.17.21.tgz}
    name: lodash
    version: 4.17.21
    dev: true

  registry.npmjs.org/memory-stream/0.0.3:
    resolution: {integrity: sha1-6+jdHDuLw4wOeUHp3dWuvmtN6D8=, registry: https://registry.yarnpkg.com/, tarball: https://registry.npmjs.org/memory-stream/-/memory-stream-0.0.3.tgz}
    name: memory-stream
    version: 0.0.3
    dependencies:
      readable-stream: registry.npmjs.org/readable-stream/1.0.34
    dev: true

  registry.npmjs.org/minimatch/3.1.2:
    resolution: {integrity: sha512-J7p63hRiAjw1NDEww1W7i37+ByIrOWO5XQQAzZ3VOcL0PNybwpfmV/N05zFAzwQ9USyEcX6t3UO+K5aqBQOIHw==, registry: https://registry.yarnpkg.com/, tarball: https://registry.npmjs.org/minimatch/-/minimatch-3.1.2.tgz}
    name: minimatch
    version: 3.1.2
    dependencies:
      brace-expansion: registry.npmjs.org/brace-expansion/1.1.11
    dev: true

  registry.npmjs.org/minimist/1.2.6:
    resolution: {integrity: sha512-Jsjnk4bw3YJqYzbdyBiNsPWHPfO++UGG749Cxs6peCu5Xg4nrena6OVxOYxrQTqww0Jmwt+Ref8rggumkTLz9Q==, registry: https://registry.yarnpkg.com/, tarball: https://registry.npmjs.org/minimist/-/minimist-1.2.6.tgz}
    name: minimist
    version: 1.2.6
    dev: true

  registry.npmjs.org/minipass/2.9.0:
    resolution: {integrity: sha512-wxfUjg9WebH+CUDX/CdbRlh5SmfZiy/hpkxaRI16Y9W56Pa75sWgd/rvFilSgrauD9NyFymP/+JFV3KwzIsJeg==, registry: https://registry.yarnpkg.com/, tarball: https://registry.npmjs.org/minipass/-/minipass-2.9.0.tgz}
    name: minipass
    version: 2.9.0
    dependencies:
      safe-buffer: registry.npmjs.org/safe-buffer/5.2.1
      yallist: registry.npmjs.org/yallist/3.1.1
    dev: true

  registry.npmjs.org/minizlib/1.3.3:
    resolution: {integrity: sha512-6ZYMOEnmVsdCeTJVE0W9ZD+pVnE8h9Hma/iOwwRDsdQoePpoX56/8B6z3P9VNwppJuBKNRuFDRNRqRWexT9G9Q==, registry: https://registry.yarnpkg.com/, tarball: https://registry.npmjs.org/minizlib/-/minizlib-1.3.3.tgz}
    name: minizlib
    version: 1.3.3
    dependencies:
      minipass: registry.npmjs.org/minipass/2.9.0
    dev: true

  registry.npmjs.org/mkdirp/0.5.6:
    resolution: {integrity: sha512-FP+p8RB8OWpF3YZBCrP5gtADmtXApB5AMLn+vdyA+PyxCjrCs00mjyUozssO33cwDeT3wNGdLxJ5M//YqtHAJw==, registry: https://registry.yarnpkg.com/, tarball: https://registry.npmjs.org/mkdirp/-/mkdirp-0.5.6.tgz}
    name: mkdirp
    version: 0.5.6
    hasBin: true
    dependencies:
      minimist: registry.npmjs.org/minimist/1.2.6
    dev: true

  registry.npmjs.org/ms/2.1.2:
    resolution: {integrity: sha512-sGkPx+VjMtmA6MX27oA4FBFELFCZZ4S4XqeGOXCv68tT+jb3vk/RyaKWP0PTKyWtmLSM0b+adUTEvbs1PEaH2w==, registry: https://registry.yarnpkg.com/, tarball: https://registry.npmjs.org/ms/-/ms-2.1.2.tgz}
    name: ms
    version: 2.1.2
    dev: true

  registry.npmjs.org/node-addon-api/5.0.0:
    resolution: {integrity: sha512-CvkDw2OEnme7ybCykJpVcKH+uAOLV2qLqiyla128dN9TkEWfrYmxG6C2boDe5KcNQqZF3orkqzGgOMvZ/JNekA==, registry: https://registry.yarnpkg.com/, tarball: https://registry.npmjs.org/node-addon-api/-/node-addon-api-5.0.0.tgz}
    name: node-addon-api
    version: 5.0.0
    dev: false

  registry.npmjs.org/npmlog/1.2.1:
    resolution: {integrity: sha1-KOe+YZYJtT960d0wChDWTXFiaLY=, registry: https://registry.yarnpkg.com/, tarball: https://registry.npmjs.org/npmlog/-/npmlog-1.2.1.tgz}
    name: npmlog
    version: 1.2.1
    dependencies:
      ansi: registry.npmjs.org/ansi/0.3.1
      are-we-there-yet: registry.npmjs.org/are-we-there-yet/1.0.6
      gauge: registry.npmjs.org/gauge/1.2.7
    dev: true

  registry.npmjs.org/number-is-nan/1.0.1:
    resolution: {integrity: sha1-CXtgK1NCKlIsGvuHkDGDNpQaAR0=, registry: https://registry.yarnpkg.com/, tarball: https://registry.npmjs.org/number-is-nan/-/number-is-nan-1.0.1.tgz}
    name: number-is-nan
    version: 1.0.1
    engines: {node: '>=0.10.0'}
    dev: true

  registry.npmjs.org/once/1.4.0:
    resolution: {integrity: sha1-WDsap3WWHUsROsF9nFC6753Xa9E=, registry: https://registry.yarnpkg.com/, tarball: https://registry.npmjs.org/once/-/once-1.4.0.tgz}
    name: once
    version: 1.4.0
    dependencies:
      wrappy: registry.npmjs.org/wrappy/1.0.2
    dev: true

  registry.npmjs.org/os-locale/1.4.0:
    resolution: {integrity: sha1-IPnxeuKe00XoveWDsT0gCYA8FNk=, registry: https://registry.yarnpkg.com/, tarball: https://registry.npmjs.org/os-locale/-/os-locale-1.4.0.tgz}
    name: os-locale
    version: 1.4.0
    engines: {node: '>=0.10.0'}
    dependencies:
      lcid: registry.npmjs.org/lcid/1.0.0
    dev: true

  registry.npmjs.org/path-is-absolute/1.0.1:
    resolution: {integrity: sha1-F0uSaHNVNP+8es5r9TpanhtcX18=, registry: https://registry.yarnpkg.com/, tarball: https://registry.npmjs.org/path-is-absolute/-/path-is-absolute-1.0.1.tgz}
    name: path-is-absolute
    version: 1.0.1
    engines: {node: '>=0.10.0'}
    dev: true

  registry.npmjs.org/process-nextick-args/1.0.7:
    resolution: {integrity: sha1-FQ4gt1ZZCtP5EJPyWk8q2L/zC6M=, registry: https://registry.yarnpkg.com/, tarball: https://registry.npmjs.org/process-nextick-args/-/process-nextick-args-1.0.7.tgz}
    name: process-nextick-args
    version: 1.0.7
    dev: true

  registry.npmjs.org/process-nextick-args/2.0.1:
    resolution: {integrity: sha512-3ouUOpQhtgrbOa17J7+uxOTpITYWaGP7/AhoR3+A+/1e9skrzelGi/dXzEYyvbxubEF6Wn2ypscTKiKJFFn1ag==, registry: https://registry.yarnpkg.com/, tarball: https://registry.npmjs.org/process-nextick-args/-/process-nextick-args-2.0.1.tgz}
    name: process-nextick-args
    version: 2.0.1
    dev: true

  registry.npmjs.org/rc/1.2.8:
    resolution: {integrity: sha512-y3bGgqKj3QBdxLbLkomlohkvsA8gdAiUQlSBJnBhfn+BPxg4bc62d8TcBW15wavDfgexCgccckhcZvywyQYPOw==, registry: https://registry.yarnpkg.com/, tarball: https://registry.npmjs.org/rc/-/rc-1.2.8.tgz}
    name: rc
    version: 1.2.8
    hasBin: true
    dependencies:
      deep-extend: registry.npmjs.org/deep-extend/0.6.0
      ini: registry.npmjs.org/ini/1.3.8
      minimist: registry.npmjs.org/minimist/1.2.6
      strip-json-comments: registry.npmjs.org/strip-json-comments/2.0.1
    dev: true

  registry.npmjs.org/readable-stream/1.0.34:
    resolution: {integrity: sha1-Elgg40vIQtLyqq+v5MKRbuMsFXw=, registry: https://registry.yarnpkg.com/, tarball: https://registry.npmjs.org/readable-stream/-/readable-stream-1.0.34.tgz}
    name: readable-stream
    version: 1.0.34
    dependencies:
      core-util-is: registry.npmjs.org/core-util-is/1.0.3
      inherits: registry.npmjs.org/inherits/2.0.4
      isarray: registry.npmjs.org/isarray/0.0.1
      string_decoder: registry.npmjs.org/string_decoder/0.10.31
    dev: true

  registry.npmjs.org/readable-stream/2.1.5:
    resolution: {integrity: sha1-ZvqLcg4UOLNkaB8q0aY8YYRIydA=, registry: https://registry.yarnpkg.com/, tarball: https://registry.npmjs.org/readable-stream/-/readable-stream-2.1.5.tgz}
    name: readable-stream
    version: 2.1.5
    dependencies:
      buffer-shims: registry.npmjs.org/buffer-shims/1.0.0
      core-util-is: registry.npmjs.org/core-util-is/1.0.3
      inherits: registry.npmjs.org/inherits/2.0.4
      isarray: registry.npmjs.org/isarray/1.0.0
      process-nextick-args: registry.npmjs.org/process-nextick-args/1.0.7
      string_decoder: registry.npmjs.org/string_decoder/0.10.31
      util-deprecate: registry.npmjs.org/util-deprecate/1.0.2
    dev: true

  registry.npmjs.org/readable-stream/2.3.7:
    resolution: {integrity: sha512-Ebho8K4jIbHAxnuxi7o42OrZgF/ZTNcsZj6nRKyUmkhLFq8CHItp/fy6hQZuZmP/n3yZ9VBUbp4zz/mX8hmYPw==, registry: https://registry.yarnpkg.com/, tarball: https://registry.npmjs.org/readable-stream/-/readable-stream-2.3.7.tgz}
    name: readable-stream
    version: 2.3.7
    dependencies:
      core-util-is: registry.npmjs.org/core-util-is/1.0.3
      inherits: registry.npmjs.org/inherits/2.0.4
      isarray: registry.npmjs.org/isarray/1.0.0
      process-nextick-args: registry.npmjs.org/process-nextick-args/2.0.1
      safe-buffer: registry.npmjs.org/safe-buffer/5.1.2
      string_decoder: registry.npmjs.org/string_decoder/1.1.1
      util-deprecate: registry.npmjs.org/util-deprecate/1.0.2
    dev: true

  registry.npmjs.org/rimraf/2.7.1:
    resolution: {integrity: sha512-uWjbaKIK3T1OSVptzX7Nl6PvQ3qAGtKEtVRjRuazjfL3Bx5eI409VZSqgND+4UNnmzLVdPj9FqFJNPqBZFve4w==, registry: https://registry.yarnpkg.com/, tarball: https://registry.npmjs.org/rimraf/-/rimraf-2.7.1.tgz}
    name: rimraf
    version: 2.7.1
    hasBin: true
    dependencies:
      glob: registry.npmjs.org/glob/7.2.0
    dev: true

  registry.npmjs.org/safe-buffer/5.1.2:
    resolution: {integrity: sha512-Gd2UZBJDkXlY7GbJxfsE8/nvKkUEU1G38c1siN6QP6a9PT9MmHB8GnpscSmMJSoF8LOIrt8ud/wPtojys4G6+g==, registry: https://registry.yarnpkg.com/, tarball: https://registry.npmjs.org/safe-buffer/-/safe-buffer-5.1.2.tgz}
    name: safe-buffer
    version: 5.1.2
    dev: true

  registry.npmjs.org/safe-buffer/5.2.1:
    resolution: {integrity: sha512-rp3So07KcdmmKbGvgaNxQSJr7bGVSVk5S9Eq1F+ppbRo70+YeaDxkw5Dd8NPN+GD6bjnYm2VuPuCXmpuYvmCXQ==, registry: https://registry.yarnpkg.com/, tarball: https://registry.npmjs.org/safe-buffer/-/safe-buffer-5.2.1.tgz}
    name: safe-buffer
    version: 5.2.1
    dev: true

  registry.npmjs.org/semver/5.7.1:
    resolution: {integrity: sha512-sauaDf/PZdVgrLTNYHRtpXa1iRiKcaebiKQ1BJdpQlWH2lCvexQdX55snPFyK7QzpudqbCI0qXFfOasHdyNDGQ==, registry: https://registry.yarnpkg.com/, tarball: https://registry.npmjs.org/semver/-/semver-5.7.1.tgz}
    name: semver
    version: 5.7.1
    hasBin: true
    dev: true

  registry.npmjs.org/setimmediate/1.0.5:
    resolution: {integrity: sha1-KQy7Iy4waULX1+qbg3Mqt4VvgoU=, registry: https://registry.yarnpkg.com/, tarball: https://registry.npmjs.org/setimmediate/-/setimmediate-1.0.5.tgz}
    name: setimmediate
    version: 1.0.5
    dev: true

  registry.npmjs.org/splitargs/0.0.7:
    resolution: {integrity: sha1-/p965lc3GzOxDLgNoUPPgknPazs=, registry: https://registry.yarnpkg.com/, tarball: https://registry.npmjs.org/splitargs/-/splitargs-0.0.7.tgz}
    name: splitargs
    version: 0.0.7
    dev: true

  registry.npmjs.org/string-width/1.0.2:
    resolution: {integrity: sha1-EYvfW4zcUaKn5w0hHgfisLmxB9M=, registry: https://registry.yarnpkg.com/, tarball: https://registry.npmjs.org/string-width/-/string-width-1.0.2.tgz}
    name: string-width
    version: 1.0.2
    engines: {node: '>=0.10.0'}
    dependencies:
      code-point-at: registry.npmjs.org/code-point-at/1.1.0
      is-fullwidth-code-point: registry.npmjs.org/is-fullwidth-code-point/1.0.0
      strip-ansi: registry.npmjs.org/strip-ansi/3.0.1
    dev: true

  registry.npmjs.org/string_decoder/0.10.31:
    resolution: {integrity: sha1-YuIDvEF2bGwoyfyEMB2rHFMQ+pQ=, registry: https://registry.yarnpkg.com/, tarball: https://registry.npmjs.org/string_decoder/-/string_decoder-0.10.31.tgz}
    name: string_decoder
    version: 0.10.31
    dev: true

  registry.npmjs.org/string_decoder/1.1.1:
    resolution: {integrity: sha512-n/ShnvDi6FHbbVfviro+WojiFzv+s8MPMHBczVePfUpDJLwoLT0ht1l4YwBCbi8pJAveEEdnkHyPyTP/mzRfwg==, registry: https://registry.yarnpkg.com/, tarball: https://registry.npmjs.org/string_decoder/-/string_decoder-1.1.1.tgz}
    name: string_decoder
    version: 1.1.1
    dependencies:
      safe-buffer: registry.npmjs.org/safe-buffer/5.1.2
    dev: true

  registry.npmjs.org/strip-ansi/3.0.1:
    resolution: {integrity: sha1-ajhfuIU9lS1f8F0Oiq+UJ43GPc8=, registry: https://registry.yarnpkg.com/, tarball: https://registry.npmjs.org/strip-ansi/-/strip-ansi-3.0.1.tgz}
    name: strip-ansi
    version: 3.0.1
    engines: {node: '>=0.10.0'}
    dependencies:
      ansi-regex: registry.npmjs.org/ansi-regex/2.1.1
    dev: true

  registry.npmjs.org/strip-json-comments/2.0.1:
    resolution: {integrity: sha1-PFMZQukIwml8DsNEhYwobHygpgo=, registry: https://registry.yarnpkg.com/, tarball: https://registry.npmjs.org/strip-json-comments/-/strip-json-comments-2.0.1.tgz}
    name: strip-json-comments
    version: 2.0.1
    engines: {node: '>=0.10.0'}
    dev: true

  registry.npmjs.org/tar/4.4.19:
    resolution: {integrity: sha512-a20gEsvHnWe0ygBY8JbxoM4w3SJdhc7ZAuxkLqh+nvNQN2IOt0B5lLgM490X5Hl8FF0dl0tOf2ewFYAlIFgzVA==, registry: https://registry.yarnpkg.com/, tarball: https://registry.npmjs.org/tar/-/tar-4.4.19.tgz}
    name: tar
    version: 4.4.19
    engines: {node: '>=4.5'}
    dependencies:
      chownr: registry.npmjs.org/chownr/1.1.4
      fs-minipass: registry.npmjs.org/fs-minipass/1.2.7
      minipass: registry.npmjs.org/minipass/2.9.0
      minizlib: registry.npmjs.org/minizlib/1.3.3
      mkdirp: registry.npmjs.org/mkdirp/0.5.6
      safe-buffer: registry.npmjs.org/safe-buffer/5.2.1
      yallist: registry.npmjs.org/yallist/3.1.1
    dev: true

  registry.npmjs.org/traverse/0.3.9:
    resolution: {integrity: sha1-cXuPIgzAu3tE5AUUwisui7xw2Lk=, registry: https://registry.yarnpkg.com/, tarball: https://registry.npmjs.org/traverse/-/traverse-0.3.9.tgz}
    name: traverse
    version: 0.3.9
    dev: true

  registry.npmjs.org/universalify/0.1.2:
    resolution: {integrity: sha512-rBJeI5CXAlmy1pV+617WB9J63U6XcazHHF2f2dbJix4XzpUF0RS3Zbj0FGIOCAva5P/d/GBOYaACQ1w+0azUkg==, registry: https://registry.yarnpkg.com/, tarball: https://registry.npmjs.org/universalify/-/universalify-0.1.2.tgz}
    name: universalify
    version: 0.1.2
    engines: {node: '>= 4.0.0'}
    dev: true

  registry.npmjs.org/unzipper/0.8.14:
    resolution: {integrity: sha512-8rFtE7EP5ssOwGpN2dt1Q4njl0N1hUXJ7sSPz0leU2hRdq6+pra57z4YPBlVqm40vcgv6ooKZEAx48fMTv9x4w==, registry: https://registry.yarnpkg.com/, tarball: https://registry.npmjs.org/unzipper/-/unzipper-0.8.14.tgz}
    name: unzipper
    version: 0.8.14
    dependencies:
      big-integer: registry.npmjs.org/big-integer/1.6.51
      binary: registry.npmjs.org/binary/0.3.0
      bluebird: registry.npmjs.org/bluebird/3.4.7
      buffer-indexof-polyfill: registry.npmjs.org/buffer-indexof-polyfill/1.0.2
      duplexer2: registry.npmjs.org/duplexer2/0.1.4
      fstream: registry.npmjs.org/fstream/1.0.12
      listenercount: registry.npmjs.org/listenercount/1.0.1
      readable-stream: registry.npmjs.org/readable-stream/2.1.5
      setimmediate: registry.npmjs.org/setimmediate/1.0.5
    dev: true

  registry.npmjs.org/url-join/0.0.1:
    resolution: {integrity: sha1-HbSK1CLTQCRpqH99l73r/k+x48g=, registry: https://registry.yarnpkg.com/, tarball: https://registry.npmjs.org/url-join/-/url-join-0.0.1.tgz}
    name: url-join
    version: 0.0.1
    dev: true

  registry.npmjs.org/util-deprecate/1.0.2:
    resolution: {integrity: sha1-RQ1Nyfpw3nMnYvvS1KKJgUGaDM8=, registry: https://registry.yarnpkg.com/, tarball: https://registry.npmjs.org/util-deprecate/-/util-deprecate-1.0.2.tgz}
    name: util-deprecate
    version: 1.0.2
    dev: true

  registry.npmjs.org/which/1.3.1:
    resolution: {integrity: sha512-HxJdYWq1MTIQbJ3nw0cqssHoTNU267KlrDuGZ1WYlxDStUtKUhOaJmh112/TZmHxxUfuJqPXSOm7tDyas0OSIQ==, registry: https://registry.yarnpkg.com/, tarball: https://registry.npmjs.org/which/-/which-1.3.1.tgz}
    name: which
    version: 1.3.1
    hasBin: true
    dependencies:
      isexe: registry.npmjs.org/isexe/2.0.0
    dev: true

  registry.npmjs.org/window-size/0.1.4:
    resolution: {integrity: sha1-+OGqHuWlPsW/FR/6CXQqatdpeHY=, registry: https://registry.yarnpkg.com/, tarball: https://registry.npmjs.org/window-size/-/window-size-0.1.4.tgz}
    name: window-size
    version: 0.1.4
    engines: {node: '>= 0.10.0'}
    hasBin: true
    dev: true

  registry.npmjs.org/wrap-ansi/2.1.0:
    resolution: {integrity: sha1-2Pw9KE3QV5T+hJc8rs3Rz4JP3YU=, registry: https://registry.yarnpkg.com/, tarball: https://registry.npmjs.org/wrap-ansi/-/wrap-ansi-2.1.0.tgz}
    name: wrap-ansi
    version: 2.1.0
    engines: {node: '>=0.10.0'}
    dependencies:
      string-width: registry.npmjs.org/string-width/1.0.2
      strip-ansi: registry.npmjs.org/strip-ansi/3.0.1
    dev: true

  registry.npmjs.org/wrappy/1.0.2:
    resolution: {integrity: sha1-tSQ9jz7BqjXxNkYFvA0QNuMKtp8=, registry: https://registry.yarnpkg.com/, tarball: https://registry.npmjs.org/wrappy/-/wrappy-1.0.2.tgz}
    name: wrappy
    version: 1.0.2
    dev: true

  registry.npmjs.org/y18n/3.2.2:
    resolution: {integrity: sha512-uGZHXkHnhF0XeeAPgnKfPv1bgKAYyVvmNL1xlKsPYZPaIHxGti2hHqvOCQv71XMsLxu1QjergkqogUnms5D3YQ==, registry: https://registry.yarnpkg.com/, tarball: https://registry.npmjs.org/y18n/-/y18n-3.2.2.tgz}
    name: y18n
    version: 3.2.2
    dev: true

  registry.npmjs.org/yallist/3.1.1:
    resolution: {integrity: sha512-a4UGQaWPH59mOXUYnAG2ewncQS4i4F43Tv3JoAM+s2VDAmS9NsK8GpDMLrCHPksFT7h3K6TOoUNn2pb7RoXx4g==, registry: https://registry.yarnpkg.com/, tarball: https://registry.npmjs.org/yallist/-/yallist-3.1.1.tgz}
    name: yallist
    version: 3.1.1
    dev: true

  registry.npmjs.org/yargs/3.32.0:
    resolution: {integrity: sha1-AwiOnr+edWtpdRYR0qXvWRSCyZU=, registry: https://registry.yarnpkg.com/, tarball: https://registry.npmjs.org/yargs/-/yargs-3.32.0.tgz}
    name: yargs
    version: 3.32.0
    dependencies:
      camelcase: registry.npmjs.org/camelcase/2.1.1
      cliui: registry.npmjs.org/cliui/3.2.0
      decamelize: registry.npmjs.org/decamelize/1.2.0
      os-locale: registry.npmjs.org/os-locale/1.4.0
      string-width: registry.npmjs.org/string-width/1.0.2
      window-size: registry.npmjs.org/window-size/0.1.4
      y18n: registry.npmjs.org/y18n/3.2.2
    dev: true
